
Microsoft Visual Studio Solution File, Format Version 12.00
# Visual Studio Version 17
VisualStudioVersion = 17.5.002.0
MinimumVisualStudioVersion = 10.0.40219.1
Project("{2150E333-8FDC-42A3-9474-1A3956D46DE8}") = "Start", "Start", "{89DAA1BF-0685-472D-9513-F17219D0D77D}"
EndProject
Project("{2150E333-8FDC-42A3-9474-1A3956D46DE8}") = "Files", "Files", "{173CACD1-ACA7-41BD-844D-FC9C86138B07}"
EndProject
Project("{9A19103F-16F7-4668-BE54-9A1E7A4F7556}") = "CreateFiles", "Start\Files\CreateFiles\CreateFiles.csproj", "{5D292EA0-7DD0-4CB9-AFAA-F613054E9BC7}"
EndProject
Project("{9A19103F-16F7-4668-BE54-9A1E7A4F7556}") = "Directories", "Start\Files\Directories\Directories.csproj", "{97E8B0CD-5B8F-4BD9-A814-237FC423AA9B}"
EndProject
Project("{9A19103F-16F7-4668-BE54-9A1E7A4F7556}") = "FileInfo", "Start\Files\FileInfo\FileInfo.csproj", "{5287DBA3-F9FF-4A5D-832D-4B61283A578B}"
EndProject
Project("{9A19103F-16F7-4668-BE54-9A1E7A4F7556}") = "ReadWriteFiles", "Start\Files\ReadWriteFiles\ReadWriteFiles.csproj", "{EC958B32-A911-4057-8209-B6B8561415F3}"
EndProject
Project("{2150E333-8FDC-42A3-9474-1A3956D46DE8}") = "NumbersDates", "NumbersDates", "{E7772FA8-F0E6-41FC-B26A-FBCE8B905BE0}"
EndProject
Project("{9A19103F-16F7-4668-BE54-9A1E7A4F7556}") = "Challenge", "Start\NumbersDates\Challenge\Challenge.csproj", "{372C32D2-76CB-4ECE-A3E5-0F20E24E9007}"
EndProject
Project("{9A19103F-16F7-4668-BE54-9A1E7A4F7556}") = "DateTimeClass", "Start\NumbersDates\DateTimeClass\DateTimeClass.csproj", "{2DF4657A-BB1D-43D5-8E4D-E76967A8349B}"
EndProject
Project("{9A19103F-16F7-4668-BE54-9A1E7A4F7556}") = "FormatDates", "Start\NumbersDates\FormatDates\FormatDates.csproj", "{7A4188E5-5653-47BE-9CD3-C635F626D331}"
EndProject
Project("{9A19103F-16F7-4668-BE54-9A1E7A4F7556}") = "FormatNumbers", "Start\NumbersDates\FormatNumbers\FormatNumbers.csproj", "{FFA2C007-92DE-420F-9DEF-86E8034297D1}"
EndProject
Project("{9A19103F-16F7-4668-BE54-9A1E7A4F7556}") = "ParseDates", "Start\NumbersDates\ParseDates\ParseDates.csproj", "{AA0BA2E4-E389-4720-85B9-9111F9CE519B}"
EndProject
Project("{9A19103F-16F7-4668-BE54-9A1E7A4F7556}") = "ParseNumbers", "Start\NumbersDates\ParseNumbers\ParseNumbers.csproj", "{3D75CA0E-E168-4DE9-9D44-57187FE841B5}"
EndProject
Project("{2150E333-8FDC-42A3-9474-1A3956D46DE8}") = "Overview", "Overview", "{2BD8F758-956C-4CFF-9C7D-32604C831728}"
EndProject
Project("{9A19103F-16F7-4668-BE54-9A1E7A4F7556}") = "DataTypes", "Start\Overview\DataTypes\DataTypes.csproj", "{C0CADB59-1E42-46ED-8F48-BC2AF0D5CE2D}"
EndProject
Project("{9A19103F-16F7-4668-BE54-9A1E7A4F7556}") = "GarbageCollect", "Start\Overview\GarbageCollect\GarbageCollect.csproj", "{F428B647-D094-4D26-8CAA-6D15BF9AA938}"
EndProject
Project("{9A19103F-16F7-4668-BE54-9A1E7A4F7556}") = "MyConsoleApp", "Start\Overview\MyConsoleApp\MyConsoleApp.csproj", "{C9303FB7-BD54-4682-AF7B-FB5EDA66266A}"
EndProject
Project("{2150E333-8FDC-42A3-9474-1A3956D46DE8}") = "Regex", "Regex", "{3B51C59A-7770-4E10-970C-17E05EB89B5B}"
EndProject
Project("{9A19103F-16F7-4668-BE54-9A1E7A4F7556}") = "Finding", "Start\Regex\Finding\Finding.csproj", "{14213502-FB31-453C-88D4-D01466DAE3C1}"
EndProject
Project("{9A19103F-16F7-4668-BE54-9A1E7A4F7556}") = "Replacing", "Start\Regex\Replacing\Replacing.csproj", "{76FA43D2-8331-4DFA-9ED0-C64F8F651E9D}"
EndProject
Project("{9A19103F-16F7-4668-BE54-9A1E7A4F7556}") = "RegexTimeouts", "Start\Regex\Timeouts\RegexTimeouts.csproj", "{1AA55A13-D072-4B9B-88A1-11908FAFC30E}"
EndProject
Project("{2150E333-8FDC-42A3-9474-1A3956D46DE8}") = "Strings", "Strings", "{2580CD65-0511-4CDB-88F0-DD7264930769}"
EndProject
Project("{9A19103F-16F7-4668-BE54-9A1E7A4F7556}") = "Formatting", "Start\Strings\Formatting\Formatting.csproj", "{8C3FC84E-6180-4F38-90E5-2D4AD20FE4B2}"
EndProject
Project("{9A19103F-16F7-4668-BE54-9A1E7A4F7556}") = "Interpolation", "Start\Strings\Interpolation\Interpolation.csproj", "{738088AE-A328-414E-A3A2-3F0EA1CE37C8}"
EndProject
Project("{9A19103F-16F7-4668-BE54-9A1E7A4F7556}") = "Manipulation", "Start\Strings\Manipulation\Manipulation.csproj", "{57157B7F-890A-4746-A22B-0F97C00F9E5F}"
EndProject
Project("{9A19103F-16F7-4668-BE54-9A1E7A4F7556}") = "Searching", "Start\Strings\Searching\Searching.csproj", "{78C4367C-593D-432C-A84A-7B9D078B70AB}"
EndProject
Global
	GlobalSection(SolutionConfigurationPlatforms) = preSolution
		Debug|Any CPU = Debug|Any CPU
		Release|Any CPU = Release|Any CPU
	EndGlobalSection
	GlobalSection(ProjectConfigurationPlatforms) = postSolution
		{5D292EA0-7DD0-4CB9-AFAA-F613054E9BC7}.Debug|Any CPU.ActiveCfg = Debug|Any CPU
		{5D292EA0-7DD0-4CB9-AFAA-F613054E9BC7}.Debug|Any CPU.Build.0 = Debug|Any CPU
		{5D292EA0-7DD0-4CB9-AFAA-F613054E9BC7}.Release|Any CPU.ActiveCfg = Release|Any CPU
		{5D292EA0-7DD0-4CB9-AFAA-F613054E9BC7}.Release|Any CPU.Build.0 = Release|Any CPU
		{97E8B0CD-5B8F-4BD9-A814-237FC423AA9B}.Debug|Any CPU.ActiveCfg = Debug|Any CPU
		{97E8B0CD-5B8F-4BD9-A814-237FC423AA9B}.Debug|Any CPU.Build.0 = Debug|Any CPU
		{97E8B0CD-5B8F-4BD9-A814-237FC423AA9B}.Release|Any CPU.ActiveCfg = Release|Any CPU
		{97E8B0CD-5B8F-4BD9-A814-237FC423AA9B}.Release|Any CPU.Build.0 = Release|Any CPU
		{5287DBA3-F9FF-4A5D-832D-4B61283A578B}.Debug|Any CPU.ActiveCfg = Debug|Any CPU
		{5287DBA3-F9FF-4A5D-832D-4B61283A578B}.Debug|Any CPU.Build.0 = Debug|Any CPU
		{5287DBA3-F9FF-4A5D-832D-4B61283A578B}.Release|Any CPU.ActiveCfg = Release|Any CPU
		{5287DBA3-F9FF-4A5D-832D-4B61283A578B}.Release|Any CPU.Build.0 = Release|Any CPU
		{EC958B32-A911-4057-8209-B6B8561415F3}.Debug|Any CPU.ActiveCfg = Debug|Any CPU
		{EC958B32-A911-4057-8209-B6B8561415F3}.Debug|Any CPU.Build.0 = Debug|Any CPU
		{EC958B32-A911-4057-8209-B6B8561415F3}.Release|Any CPU.ActiveCfg = Release|Any CPU
		{EC958B32-A911-4057-8209-B6B8561415F3}.Release|Any CPU.Build.0 = Release|Any CPU
		{372C32D2-76CB-4ECE-A3E5-0F20E24E9007}.Debug|Any CPU.ActiveCfg = Debug|Any CPU
		{372C32D2-76CB-4ECE-A3E5-0F20E24E9007}.Debug|Any CPU.Build.0 = Debug|Any CPU
		{372C32D2-76CB-4ECE-A3E5-0F20E24E9007}.Release|Any CPU.ActiveCfg = Release|Any CPU
		{372C32D2-76CB-4ECE-A3E5-0F20E24E9007}.Release|Any CPU.Build.0 = Release|Any CPU
		{2DF4657A-BB1D-43D5-8E4D-E76967A8349B}.Debug|Any CPU.ActiveCfg = Debug|Any CPU
		{2DF4657A-BB1D-43D5-8E4D-E76967A8349B}.Debug|Any CPU.Build.0 = Debug|Any CPU
		{2DF4657A-BB1D-43D5-8E4D-E76967A8349B}.Release|Any CPU.ActiveCfg = Release|Any CPU
		{2DF4657A-BB1D-43D5-8E4D-E76967A8349B}.Release|Any CPU.Build.0 = Release|Any CPU
		{7A4188E5-5653-47BE-9CD3-C635F626D331}.Debug|Any CPU.ActiveCfg = Debug|Any CPU
		{7A4188E5-5653-47BE-9CD3-C635F626D331}.Debug|Any CPU.Build.0 = Debug|Any CPU
		{7A4188E5-5653-47BE-9CD3-C635F626D331}.Release|Any CPU.ActiveCfg = Release|Any CPU
		{7A4188E5-5653-47BE-9CD3-C635F626D331}.Release|Any CPU.Build.0 = Release|Any CPU
		{FFA2C007-92DE-420F-9DEF-86E8034297D1}.Debug|Any CPU.ActiveCfg = Debug|Any CPU
		{FFA2C007-92DE-420F-9DEF-86E8034297D1}.Debug|Any CPU.Build.0 = Debug|Any CPU
		{FFA2C007-92DE-420F-9DEF-86E8034297D1}.Release|Any CPU.ActiveCfg = Release|Any CPU
		{FFA2C007-92DE-420F-9DEF-86E8034297D1}.Release|Any CPU.Build.0 = Release|Any CPU
		{AA0BA2E4-E389-4720-85B9-9111F9CE519B}.Debug|Any CPU.ActiveCfg = Debug|Any CPU
		{AA0BA2E4-E389-4720-85B9-9111F9CE519B}.Debug|Any CPU.Build.0 = Debug|Any CPU
		{AA0BA2E4-E389-4720-85B9-9111F9CE519B}.Release|Any CPU.ActiveCfg = Release|Any CPU
		{AA0BA2E4-E389-4720-85B9-9111F9CE519B}.Release|Any CPU.Build.0 = Release|Any CPU
		{3D75CA0E-E168-4DE9-9D44-57187FE841B5}.Debug|Any CPU.ActiveCfg = Debug|Any CPU
		{3D75CA0E-E168-4DE9-9D44-57187FE841B5}.Debug|Any CPU.Build.0 = Debug|Any CPU
		{3D75CA0E-E168-4DE9-9D44-57187FE841B5}.Release|Any CPU.ActiveCfg = Release|Any CPU
		{3D75CA0E-E168-4DE9-9D44-57187FE841B5}.Release|Any CPU.Build.0 = Release|Any CPU
		{C0CADB59-1E42-46ED-8F48-BC2AF0D5CE2D}.Debug|Any CPU.ActiveCfg = Debug|Any CPU
		{C0CADB59-1E42-46ED-8F48-BC2AF0D5CE2D}.Debug|Any CPU.Build.0 = Debug|Any CPU
		{C0CADB59-1E42-46ED-8F48-BC2AF0D5CE2D}.Release|Any CPU.ActiveCfg = Release|Any CPU
		{C0CADB59-1E42-46ED-8F48-BC2AF0D5CE2D}.Release|Any CPU.Build.0 = Release|Any CPU
		{F428B647-D094-4D26-8CAA-6D15BF9AA938}.Debug|Any CPU.ActiveCfg = Debug|Any CPU
		{F428B647-D094-4D26-8CAA-6D15BF9AA938}.Debug|Any CPU.Build.0 = Debug|Any CPU
		{F428B647-D094-4D26-8CAA-6D15BF9AA938}.Release|Any CPU.ActiveCfg = Release|Any CPU
		{F428B647-D094-4D26-8CAA-6D15BF9AA938}.Release|Any CPU.Build.0 = Release|Any CPU
		{C9303FB7-BD54-4682-AF7B-FB5EDA66266A}.Debug|Any CPU.ActiveCfg = Debug|Any CPU
		{C9303FB7-BD54-4682-AF7B-FB5EDA66266A}.Debug|Any CPU.Build.0 = Debug|Any CPU
		{C9303FB7-BD54-4682-AF7B-FB5EDA66266A}.Release|Any CPU.ActiveCfg = Release|Any CPU
		{C9303FB7-BD54-4682-AF7B-FB5EDA66266A}.Release|Any CPU.Build.0 = Release|Any CPU
		{14213502-FB31-453C-88D4-D01466DAE3C1}.Debug|Any CPU.ActiveCfg = Debug|Any CPU
		{14213502-FB31-453C-88D4-D01466DAE3C1}.Debug|Any CPU.Build.0 = Debug|Any CPU
		{14213502-FB31-453C-88D4-D01466DAE3C1}.Release|Any CPU.ActiveCfg = Release|Any CPU
		{14213502-FB31-453C-88D4-D01466DAE3C1}.Release|Any CPU.Build.0 = Release|Any CPU
		{76FA43D2-8331-4DFA-9ED0-C64F8F651E9D}.Debug|Any CPU.ActiveCfg = Debug|Any CPU
		{76FA43D2-8331-4DFA-9ED0-C64F8F651E9D}.Debug|Any CPU.Build.0 = Debug|Any CPU
		{76FA43D2-8331-4DFA-9ED0-C64F8F651E9D}.Release|Any CPU.ActiveCfg = Release|Any CPU
		{76FA43D2-8331-4DFA-9ED0-C64F8F651E9D}.Release|Any CPU.Build.0 = Release|Any CPU
		{1AA55A13-D072-4B9B-88A1-11908FAFC30E}.Debug|Any CPU.ActiveCfg = Debug|Any CPU
		{1AA55A13-D072-4B9B-88A1-11908FAFC30E}.Debug|Any CPU.Build.0 = Debug|Any CPU
		{1AA55A13-D072-4B9B-88A1-11908FAFC30E}.Release|Any CPU.ActiveCfg = Release|Any CPU
		{1AA55A13-D072-4B9B-88A1-11908FAFC30E}.Release|Any CPU.Build.0 = Release|Any CPU
		{8C3FC84E-6180-4F38-90E5-2D4AD20FE4B2}.Debug|Any CPU.ActiveCfg = Debug|Any CPU
		{8C3FC84E-6180-4F38-90E5-2D4AD20FE4B2}.Debug|Any CPU.Build.0 = Debug|Any CPU
		{8C3FC84E-6180-4F38-90E5-2D4AD20FE4B2}.Release|Any CPU.ActiveCfg = Release|Any CPU
		{8C3FC84E-6180-4F38-90E5-2D4AD20FE4B2}.Release|Any CPU.Build.0 = Release|Any CPU
		{738088AE-A328-414E-A3A2-3F0EA1CE37C8}.Debug|Any CPU.ActiveCfg = Debug|Any CPU
		{738088AE-A328-414E-A3A2-3F0EA1CE37C8}.Debug|Any CPU.Build.0 = Debug|Any CPU
		{738088AE-A328-414E-A3A2-3F0EA1CE37C8}.Release|Any CPU.ActiveCfg = Release|Any CPU
		{738088AE-A328-414E-A3A2-3F0EA1CE37C8}.Release|Any CPU.Build.0 = Release|Any CPU
		{57157B7F-890A-4746-A22B-0F97C00F9E5F}.Debug|Any CPU.ActiveCfg = Debug|Any CPU
		{57157B7F-890A-4746-A22B-0F97C00F9E5F}.Debug|Any CPU.Build.0 = Debug|Any CPU
		{57157B7F-890A-4746-A22B-0F97C00F9E5F}.Release|Any CPU.ActiveCfg = Release|Any CPU
		{57157B7F-890A-4746-A22B-0F97C00F9E5F}.Release|Any CPU.Build.0 = Release|Any CPU
		{78C4367C-593D-432C-A84A-7B9D078B70AB}.Debug|Any CPU.ActiveCfg = Debug|Any CPU
		{78C4367C-593D-432C-A84A-7B9D078B70AB}.Debug|Any CPU.Build.0 = Debug|Any CPU
		{78C4367C-593D-432C-A84A-7B9D078B70AB}.Release|Any CPU.ActiveCfg = Release|Any CPU
		{78C4367C-593D-432C-A84A-7B9D078B70AB}.Release|Any CPU.Build.0 = Release|Any CPU
	EndGlobalSection
	GlobalSection(SolutionProperties) = preSolution
		HideSolutionNode = FALSE
	EndGlobalSection
	GlobalSection(NestedProjects) = preSolution
		{173CACD1-ACA7-41BD-844D-FC9C86138B07} = {89DAA1BF-0685-472D-9513-F17219D0D77D}
		{5D292EA0-7DD0-4CB9-AFAA-F613054E9BC7} = {173CACD1-ACA7-41BD-844D-FC9C86138B07}
		{97E8B0CD-5B8F-4BD9-A814-237FC423AA9B} = {173CACD1-ACA7-41BD-844D-FC9C86138B07}
		{5287DBA3-F9FF-4A5D-832D-4B61283A578B} = {173CACD1-ACA7-41BD-844D-FC9C86138B07}
		{EC958B32-A911-4057-8209-B6B8561415F3} = {173CACD1-ACA7-41BD-844D-FC9C86138B07}
		{E7772FA8-F0E6-41FC-B26A-FBCE8B905BE0} = {89DAA1BF-0685-472D-9513-F17219D0D77D}
		{372C32D2-76CB-4ECE-A3E5-0F20E24E9007} = {E7772FA8-F0E6-41FC-B26A-FBCE8B905BE0}
		{2DF4657A-BB1D-43D5-8E4D-E76967A8349B} = {E7772FA8-F0E6-41FC-B26A-FBCE8B905BE0}
		{7A4188E5-5653-47BE-9CD3-C635F626D331} = {E7772FA8-F0E6-41FC-B26A-FBCE8B905BE0}
		{FFA2C007-92DE-420F-9DEF-86E8034297D1} = {E7772FA8-F0E6-41FC-B26A-FBCE8B905BE0}
		{AA0BA2E4-E389-4720-85B9-9111F9CE519B} = {E7772FA8-F0E6-41FC-B26A-FBCE8B905BE0}
		{3D75CA0E-E168-4DE9-9D44-57187FE841B5} = {E7772FA8-F0E6-41FC-B26A-FBCE8B905BE0}
		{2BD8F758-956C-4CFF-9C7D-32604C831728} = {89DAA1BF-0685-472D-9513-F17219D0D77D}
		{C0CADB59-1E42-46ED-8F48-BC2AF0D5CE2D} = {2BD8F758-956C-4CFF-9C7D-32604C831728}
		{F428B647-D094-4D26-8CAA-6D15BF9AA938} = {2BD8F758-956C-4CFF-9C7D-32604C831728}
		{C9303FB7-BD54-4682-AF7B-FB5EDA66266A} = {2BD8F758-956C-4CFF-9C7D-32604C831728}
		{3B51C59A-7770-4E10-970C-17E05EB89B5B} = {89DAA1BF-0685-472D-9513-F17219D0D77D}
		{14213502-FB31-453C-88D4-D01466DAE3C1} = {3B51C59A-7770-4E10-970C-17E05EB89B5B}
		{76FA43D2-8331-4DFA-9ED0-C64F8F651E9D} = {3B51C59A-7770-4E10-970C-17E05EB89B5B}
		{1AA55A13-D072-4B9B-88A1-11908FAFC30E} = {3B51C59A-7770-4E10-970C-17E05EB89B5B}
		{2580CD65-0511-4CDB-88F0-DD7264930769} = {89DAA1BF-0685-472D-9513-F17219D0D77D}
		{8C3FC84E-6180-4F38-90E5-2D4AD20FE4B2} = {2580CD65-0511-4CDB-88F0-DD7264930769}
		{738088AE-A328-414E-A3A2-3F0EA1CE37C8} = {2580CD65-0511-4CDB-88F0-DD7264930769}
		{57157B7F-890A-4746-A22B-0F97C00F9E5F} = {2580CD65-0511-4CDB-88F0-DD7264930769}
		{78C4367C-593D-432C-A84A-7B9D078B70AB} = {2580CD65-0511-4CDB-88F0-DD7264930769}
	EndGlobalSection
	GlobalSection(ExtensibilityGlobals) = postSolution
		SolutionGuid = {E6249089-14BC-49EF-B944-D7D730F1645B}
	EndGlobalSection
EndGlobal
